// !$*UTF8*$!
{
	archiveVersion = 1;
	classes = {
	};
	objectVersion = 50;
	objects = {

/* Begin PBXBuildFile section */
		1E0450102282518C003F36C9 /* tree_test.cpp in Sources */ = {isa = PBXBuildFile; fileRef = 5271A0C822804F9200AE2FAE /* tree_test.cpp */; };
		52A8EF34227F140A00B489D2 /* Schedule.cpp in Sources */ = {isa = PBXBuildFile; fileRef = 52A8EF33227F140A00B489D2 /* Schedule.cpp */; };
		52A8EF35227F177900B489D2 /* Linked_List.cpp in Sources */ = {isa = PBXBuildFile; fileRef = 52E4EB4B227EF6C800AD8A0F /* Linked_List.cpp */; };
		52A8EF36227F179500B489D2 /* Lecture_Info.hpp in Sources */ = {isa = PBXBuildFile; fileRef = 52E4EB58227EFAF400AD8A0F /* Lecture_Info.hpp */; };
		52A8EF37227F17AA00B489D2 /* Lecture_Info.hpp in Frameworks */ = {isa = PBXBuildFile; fileRef = 52E4EB58227EFAF400AD8A0F /* Lecture_Info.hpp */; };
		52E4EB5B227EFC7D00AD8A0F /* library.cpp in Sources */ = {isa = PBXBuildFile; fileRef = 52E4EB5A227EFC7D00AD8A0F /* library.cpp */; };
/* End PBXBuildFile section */

/* Begin PBXCopyFilesBuildPhase section */
		52C32CFB2266259900AAF835 /* CopyFiles */ = {
			isa = PBXCopyFilesBuildPhase;
			buildActionMask = 2147483647;
			dstPath = /usr/share/man/man1/;
			dstSubfolderSpec = 0;
			files = (
			);
			runOnlyForDeploymentPostprocessing = 1;
		};
/* End PBXCopyFilesBuildPhase section */

/* Begin PBXFileReference section */
		5271A0C822804F9200AE2FAE /* tree_test.cpp */ = {isa = PBXFileReference; fileEncoding = 4; lastKnownFileType = sourcecode.cpp.cpp; path = tree_test.cpp; sourceTree = "<group>"; };
		52A8EF33227F140A00B489D2 /* Schedule.cpp */ = {isa = PBXFileReference; lastKnownFileType = sourcecode.cpp.cpp; path = Schedule.cpp; sourceTree = "<group>"; };
		52C32CFD2266259900AAF835 /* Data Structures HW2 */ = {isa = PBXFileReference; explicitFileType = "compiled.mach-o.executable"; includeInIndex = 0; path = "Data Structures HW2"; sourceTree = BUILT_PRODUCTS_DIR; };
		52C32D07226626E500AAF835 /* library.h */ = {isa = PBXFileReference; fileEncoding = 4; lastKnownFileType = sourcecode.c.h; path = library.h; sourceTree = "<group>"; };
		52C32D0A2266276000AAF835 /* AVL.cpp */ = {isa = PBXFileReference; lastKnownFileType = sourcecode.cpp.cpp; path = AVL.cpp; sourceTree = "<group>"; };
		52C32D0B2266276000AAF835 /* AVL.hpp */ = {isa = PBXFileReference; lastKnownFileType = sourcecode.cpp.h; path = AVL.hpp; sourceTree = "<group>"; };
		52E4EB4B227EF6C800AD8A0F /* Linked_List.cpp */ = {isa = PBXFileReference; lastKnownFileType = sourcecode.cpp.cpp; path = Linked_List.cpp; sourceTree = "<group>"; };
		52E4EB4C227EF6C800AD8A0F /* Linked_List.hpp */ = {isa = PBXFileReference; lastKnownFileType = sourcecode.cpp.h; path = Linked_List.hpp; sourceTree = "<group>"; };
		52E4EB4F227EF72C00AD8A0F /* Course.hpp */ = {isa = PBXFileReference; lastKnownFileType = sourcecode.cpp.h; path = Course.hpp; sourceTree = "<group>"; };
		52E4EB55227EF94C00AD8A0F /* Schedule.hpp */ = {isa = PBXFileReference; lastKnownFileType = sourcecode.cpp.h; path = Schedule.hpp; sourceTree = "<group>"; };
		52E4EB58227EFAF400AD8A0F /* Lecture_Info.hpp */ = {isa = PBXFileReference; lastKnownFileType = sourcecode.cpp.h; path = Lecture_Info.hpp; sourceTree = "<group>"; };
		52E4EB5A227EFC7D00AD8A0F /* library.cpp */ = {isa = PBXFileReference; lastKnownFileType = sourcecode.cpp.cpp; path = library.cpp; sourceTree = "<group>"; };
		52E4EB5D227EFEAD00AD8A0F /* Exceptions.hpp */ = {isa = PBXFileReference; lastKnownFileType = sourcecode.cpp.h; path = Exceptions.hpp; sourceTree = "<group>"; };
/* End PBXFileReference section */

/* Begin PBXFrameworksBuildPhase section */
		52C32CFA2266259900AAF835 /* Frameworks */ = {
			isa = PBXFrameworksBuildPhase;
			buildActionMask = 2147483647;
			files = (
				52A8EF37227F17AA00B489D2 /* Lecture_Info.hpp in Frameworks */,
			);
			runOnlyForDeploymentPostprocessing = 0;
		};
/* End PBXFrameworksBuildPhase section */

/* Begin PBXGroup section */
		529B087C227EF59600DEC678 /* Frameworks */ = {
			isa = PBXGroup;
			children = (
			);
			name = Frameworks;
			sourceTree = "<group>";
		};
		52C32CF42266259900AAF835 = {
			isa = PBXGroup;
			children = (
				52C32CFF2266259900AAF835 /* Data Structures HW2 */,
				52C32CFE2266259900AAF835 /* Products */,
				529B087C227EF59600DEC678 /* Frameworks */,
			);
			sourceTree = "<group>";
		};
		52C32CFE2266259900AAF835 /* Products */ = {
			isa = PBXGroup;
			children = (
				52C32CFD2266259900AAF835 /* Data Structures HW2 */,
			);
			name = Products;
			sourceTree = "<group>";
		};
		52C32CFF2266259900AAF835 /* Data Structures HW2 */ = {
			isa = PBXGroup;
			children = (
				52E4EB5D227EFEAD00AD8A0F /* Exceptions.hpp */,
				52C32D07226626E500AAF835 /* library.h */,
				52E4EB5A227EFC7D00AD8A0F /* library.cpp */,
				5271A0C822804F9200AE2FAE /* tree_test.cpp */,
				52C32D0A2266276000AAF835 /* AVL.cpp */,
				52C32D0B2266276000AAF835 /* AVL.hpp */,
				52E4EB55227EF94C00AD8A0F /* Schedule.hpp */,
				52A8EF33227F140A00B489D2 /* Schedule.cpp */,
				52E4EB4B227EF6C800AD8A0F /* Linked_List.cpp */,
				52E4EB4C227EF6C800AD8A0F /* Linked_List.hpp */,
				52E4EB4F227EF72C00AD8A0F /* Course.hpp */,
				52E4EB58227EFAF400AD8A0F /* Lecture_Info.hpp */,
			);
			path = "Data Structures HW2";
			sourceTree = "<group>";
		};
/* End PBXGroup section */

/* Begin PBXNativeTarget section */
		52C32CFC2266259900AAF835 /* Data Structures HW2 */ = {
			isa = PBXNativeTarget;
			buildConfigurationList = 52C32D042266259900AAF835 /* Build configuration list for PBXNativeTarget "Data Structures HW2" */;
			buildPhases = (
				52C32CF92266259900AAF835 /* Sources */,
				52C32CFA2266259900AAF835 /* Frameworks */,
				52C32CFB2266259900AAF835 /* CopyFiles */,
			);
			buildRules = (
			);
			dependencies = (
			);
			name = "Data Structures HW2";
			productName = "Data Structures HW2";
			productReference = 52C32CFD2266259900AAF835 /* Data Structures HW2 */;
			productType = "com.apple.product-type.tool";
		};
/* End PBXNativeTarget section */

/* Begin PBXProject section */
		52C32CF52266259900AAF835 /* Project object */ = {
			isa = PBXProject;
			attributes = {
				LastUpgradeCheck = 1020;
				ORGANIZATIONNAME = "Ezzat Qupty";
				TargetAttributes = {
					52C32CFC2266259900AAF835 = {
						CreatedOnToolsVersion = 10.2;
					};
				};
			};
			buildConfigurationList = 52C32CF82266259900AAF835 /* Build configuration list for PBXProject "Data Structures HW2" */;
			compatibilityVersion = "Xcode 9.3";
			developmentRegion = en;
			hasScannedForEncodings = 0;
			knownRegions = (
				en,
			);
			mainGroup = 52C32CF42266259900AAF835;
			productRefGroup = 52C32CFE2266259900AAF835 /* Products */;
			projectDirPath = "";
			projectRoot = "";
			targets = (
				52C32CFC2266259900AAF835 /* Data Structures HW2 */,
			);
		};
/* End PBXProject section */

/* Begin PBXSourcesBuildPhase section */
		52C32CF92266259900AAF835 /* Sources */ = {
			isa = PBXSourcesBuildPhase;
			buildActionMask = 2147483647;
			files = (
				1E0450102282518C003F36C9 /* tree_test.cpp in Sources */,
				52A8EF36227F179500B489D2 /* Lecture_Info.hpp in Sources */,
				52A8EF35227F177900B489D2 /* Linked_List.cpp in Sources */,
				52A8EF34227F140A00B489D2 /* Schedule.cpp in Sources */,
				52E4EB5B227EFC7D00AD8A0F /* library.cpp in Sources */,
			);
			runOnlyForDeploymentPostprocessing = 0;
		};
/* End PBXSourcesBuildPhase section */

/* Begin XCBuildConfiguration section */
		52C32D022266259900AAF835 /* Debug */ = {
			isa = XCBuildConfiguration;
			buildSettings = {
				ALWAYS_SEARCH_USER_PATHS = NO;
				CLANG_ANALYZER_NONNULL = YES;
				CLANG_ANALYZER_NUMBER_OBJECT_CONVERSION = YES_AGGRESSIVE;
				CLANG_CXX_LANGUAGE_STANDARD = "gnu++14";
				CLANG_CXX_LIBRARY = "libc++";
				CLANG_ENABLE_MODULES = YES;
				CLANG_ENABLE_OBJC_ARC = YES;
				CLANG_ENABLE_OBJC_WEAK = YES;
				CLANG_WARN_BLOCK_CAPTURE_AUTORELEASING = YES;
				CLANG_WARN_BOOL_CONVERSION = YES;
				CLANG_WARN_COMMA = YES;
				CLANG_WARN_CONSTANT_CONVERSION = YES;
				CLANG_WARN_DEPRECATED_OBJC_IMPLEMENTATIONS = YES;
				CLANG_WARN_DIRECT_OBJC_ISA_USAGE = YES_ERROR;
				CLANG_WARN_DOCUMENTATION_COMMENTS = YES;
				CLANG_WARN_EMPTY_BODY = YES;
				CLANG_WARN_ENUM_CONVERSION = YES;
				CLANG_WARN_INFINITE_RECURSION = YES;
				CLANG_WARN_INT_CONVERSION = YES;
				CLANG_WARN_NON_LITERAL_NULL_CONVERSION = YES;
				CLANG_WARN_OBJC_IMPLICIT_RETAIN_SELF = YES;
				CLANG_WARN_OBJC_LITERAL_CONVERSION = YES;
				CLANG_WARN_OBJC_ROOT_CLASS = YES_ERROR;
				CLANG_WARN_RANGE_LOOP_ANALYSIS = YES;
				CLANG_WARN_STRICT_PROTOTYPES = YES;
				CLANG_WARN_SUSPICIOUS_MOVE = YES;
				CLANG_WARN_UNGUARDED_AVAILABILITY = YES_AGGRESSIVE;
				CLANG_WARN_UNREACHABLE_CODE = YES;
				CLANG_WARN__DUPLICATE_METHOD_MATCH = YES;
				CODE_SIGN_IDENTITY = "Mac Developer";
				COPY_PHASE_STRIP = NO;
				DEBUG_INFORMATION_FORMAT = dwarf;
				ENABLE_STRICT_OBJC_MSGSEND = YES;
				ENABLE_TESTABILITY = YES;
				GCC_C_LANGUAGE_STANDARD = gnu11;
				GCC_DYNAMIC_NO_PIC = NO;
				GCC_NO_COMMON_BLOCKS = YES;
				GCC_OPTIMIZATION_LEVEL = 0;
				GCC_PREPROCESSOR_DEFINITIONS = (
					"DEBUG=1",
					"$(inherited)",
				);
				GCC_WARN_64_TO_32_BIT_CONVERSION = YES;
				GCC_WARN_ABOUT_RETURN_TYPE = YES_ERROR;
				GCC_WARN_UNDECLARED_SELECTOR = YES;
				GCC_WARN_UNINITIALIZED_AUTOS = YES_AGGRESSIVE;
				GCC_WARN_UNUSED_FUNCTION = YES;
				GCC_WARN_UNUSED_VARIABLE = YES;
				MACOSX_DEPLOYMENT_TARGET = 10.14;
				MTL_ENABLE_DEBUG_INFO = INCLUDE_SOURCE;
				MTL_FAST_MATH = YES;
				ONLY_ACTIVE_ARCH = YES;
				SDKROOT = macosx;
			};
			name = Debug;
		};
		52C32D032266259900AAF835 /* Release */ = {
			isa = XCBuildConfiguration;
			buildSettings = {
				ALWAYS_SEARCH_USER_PATHS = NO;
				CLANG_ANALYZER_NONNULL = YES;
				CLANG_ANALYZER_NUMBER_OBJECT_CONVERSION = YES_AGGRESSIVE;
				CLANG_CXX_LANGUAGE_STANDARD = "gnu++14";
				CLANG_CXX_LIBRARY = "libc++";
				CLANG_ENABLE_MODULES = YES;
				CLANG_ENABLE_OBJC_ARC = YES;
				CLANG_ENABLE_OBJC_WEAK = YES;
				CLANG_WARN_BLOCK_CAPTURE_AUTORELEASING = YES;
				CLANG_WARN_BOOL_CONVERSION = YES;
				CLANG_WARN_COMMA = YES;
				CLANG_WARN_CONSTANT_CONVERSION = YES;
				CLANG_WARN_DEPRECATED_OBJC_IMPLEMENTATIONS = YES;
				CLANG_WARN_DIRECT_OBJC_ISA_USAGE = YES_ERROR;
				CLANG_WARN_DOCUMENTATION_COMMENTS = YES;
				CLANG_WARN_EMPTY_BODY = YES;
				CLANG_WARN_ENUM_CONVERSION = YES;
				CLANG_WARN_INFINITE_RECURSION = YES;
				CLANG_WARN_INT_CONVERSION = YES;
				CLANG_WARN_NON_LITERAL_NULL_CONVERSION = YES;
				CLANG_WARN_OBJC_IMPLICIT_RETAIN_SELF = YES;
				CLANG_WARN_OBJC_LITERAL_CONVERSION = YES;
				CLANG_WARN_OBJC_ROOT_CLASS = YES_ERROR;
				CLANG_WARN_RANGE_LOOP_ANALYSIS = YES;
				CLANG_WARN_STRICT_PROTOTYPES = YES;
				CLANG_WARN_SUSPICIOUS_MOVE = YES;
				CLANG_WARN_UNGUARDED_AVAILABILITY = YES_AGGRESSIVE;
				CLANG_WARN_UNREACHABLE_CODE = YES;
				CLANG_WARN__DUPLICATE_METHOD_MATCH = YES;
				CODE_SIGN_IDENTITY = "Mac Developer";
				COPY_PHASE_STRIP = NO;
				DEBUG_INFORMATION_FORMAT = "dwarf-with-dsym";
				ENABLE_NS_ASSERTIONS = NO;
				ENABLE_STRICT_OBJC_MSGSEND = YES;
				GCC_C_LANGUAGE_STANDARD = gnu11;
				GCC_NO_COMMON_BLOCKS = YES;
				GCC_WARN_64_TO_32_BIT_CONVERSION = YES;
				GCC_WARN_ABOUT_RETURN_TYPE = YES_ERROR;
				GCC_WARN_UNDECLARED_SELECTOR = YES;
				GCC_WARN_UNINITIALIZED_AUTOS = YES_AGGRESSIVE;
				GCC_WARN_UNUSED_FUNCTION = YES;
				GCC_WARN_UNUSED_VARIABLE = YES;
				MACOSX_DEPLOYMENT_TARGET = 10.14;
				MTL_ENABLE_DEBUG_INFO = NO;
				MTL_FAST_MATH = YES;
				SDKROOT = macosx;
			};
			name = Release;
		};
		52C32D052266259900AAF835 /* Debug */ = {
			isa = XCBuildConfiguration;
			buildSettings = {
				CODE_SIGN_STYLE = Automatic;
				DEVELOPMENT_TEAM = N6W2FVLFTJ;
				MACOSX_DEPLOYMENT_TARGET = 10.13;
				PRODUCT_NAME = "$(TARGET_NAME)";
			};
			name = Debug;
		};
		52C32D062266259900AAF835 /* Release */ = {
			isa = XCBuildConfiguration;
			buildSettings = {
				CODE_SIGN_STYLE = Automatic;
				DEVELOPMENT_TEAM = N6W2FVLFTJ;
				MACOSX_DEPLOYMENT_TARGET = 10.13;
				PRODUCT_NAME = "$(TARGET_NAME)";
			};
			name = Release;
		};
/* End XCBuildConfiguration section */

/* Begin XCConfigurationList section */
		52C32CF82266259900AAF835 /* Build configuration list for PBXProject "Data Structures HW2" */ = {
			isa = XCConfigurationList;
			buildConfigurations = (
				52C32D022266259900AAF835 /* Debug */,
				52C32D032266259900AAF835 /* Release */,
			);
			defaultConfigurationIsVisible = 0;
			defaultConfigurationName = Release;
		};
		52C32D042266259900AAF835 /* Build configuration list for PBXNativeTarget "Data Structures HW2" */ = {
			isa = XCConfigurationList;
			buildConfigurations = (
				52C32D052266259900AAF835 /* Debug */,
				52C32D062266259900AAF835 /* Release */,
			);
			defaultConfigurationIsVisible = 0;
			defaultConfigurationName = Release;
		};
/* End XCConfigurationList section */
	};
	rootObject = 52C32CF52266259900AAF835 /* Project object */;
}
